Microsoft Visual Studio Solution File, Format Version 12.00
# Visual Studio Version 17
VisualStudioVersion = 17.5.2.0
MinimumVisualStudioVersion = 10.0.40219.1
Project("{FAE04EC0-301F-11D3-BF4B-00C04F79EFBC}") = "ProductInventory", "ProductInventory.csproj", "{FACC6549-67CB-E017-4180-92FE3A3C1B16}"
EndProject
Global
	GlobalSection(SolutionConfigurationPlatforms) = preSolution
		Debug|Any CPU = Debug|Any CPU
		Release|Any CPU = Release|Any CPU
	EndGlobalSection
	GlobalSection(ProjectConfigurationPlatforms) = postSolution
		{FACC6549-67CB-E017-4180-92FE3A3C1B16}.Debug|Any CPU.ActiveCfg = Debug|Any CPU
		{FACC6549-67CB-E017-4180-92FE3A3C1B16}.Debug|Any CPU.Build.0 = Debug|Any CPU
		{FACC6549-67CB-E017-4180-92FE3A3C1B16}.Release|Any CPU.ActiveCfg = Release|Any CPU
		{FACC6549-67CB-E017-4180-92FE3A3C1B16}.Release|Any CPU.Build.0 = Release|Any CPU
	EndGlobalSection
	GlobalSection(SolutionProperties) = preSolution
		HideSolutionNode = FALSE
	EndGlobalSection
	GlobalSection(ExtensibilityGlobals) = postSolution
		SolutionGuid = {638E7884-4D2D-4774-BAE5-E9D6B8794930}
	EndGlobalSection
EndGlobal
